// !$*UTF8*$!
{
	archiveVersion = 1;
	classes = {
	};
	objectVersion = 46;
	objects = {

/* Begin PBXBuildFile section */
		D0ED5B821DD5CBAC007ACE89 /* main.m in Sources */ = {isa = PBXBuildFile; fileRef = D0ED5B811DD5CBAC007ACE89 /* main.m */; };
		D0ED5B851DD5CBAC007ACE89 /* AppDelegate.m in Sources */ = {isa = PBXBuildFile; fileRef = D0ED5B841DD5CBAC007ACE89 /* AppDelegate.m */; };
		D0ED5B881DD5CBAC007ACE89 /* ViewController.m in Sources */ = {isa = PBXBuildFile; fileRef = D0ED5B871DD5CBAC007ACE89 /* ViewController.m */; };
		D0ED5B8B1DD5CBAC007ACE89 /* Main.storyboard in Resources */ = {isa = PBXBuildFile; fileRef = D0ED5B891DD5CBAC007ACE89 /* Main.storyboard */; };
		D0ED5B8D1DD5CBAC007ACE89 /* Assets.xcassets in Resources */ = {isa = PBXBuildFile; fileRef = D0ED5B8C1DD5CBAC007ACE89 /* Assets.xcassets */; };
		D0ED5B901DD5CBAC007ACE89 /* LaunchScreen.storyboard in Resources */ = {isa = PBXBuildFile; fileRef = D0ED5B8E1DD5CBAC007ACE89 /* LaunchScreen.storyboard */; };
		D0ED5B991DD5D129007ACE89 /* Base64.m in Sources */ = {isa = PBXBuildFile; fileRef = D0ED5B981DD5D129007ACE89 /* Base64.m */; };
/* End PBXBuildFile section */

/* Begin PBXFileReference section */
		D0ED5B7D1DD5CBAC007ACE89 /* DES.app */ = {isa = PBXFileReference; explicitFileType = wrapper.application; includeInIndex = 0; path = DES.app; sourceTree = BUILT_PRODUCTS_DIR; };
		D0ED5B811DD5CBAC007ACE89 /* main.m */ = {isa = PBXFileReference; lastKnownFileType = sourcecode.c.objc; path = main.m; sourceTree = "<group>"; };
		D0ED5B831DD5CBAC007ACE89 /* AppDelegate.h */ = {isa = PBXFileReference; lastKnownFileType = sourcecode.c.h; path = AppDelegate.h; sourceTree = "<group>"; };
		D0ED5B841DD5CBAC007ACE89 /* AppDelegate.m */ = {isa = PBXFileReference; lastKnownFileType = sourcecode.c.objc; path = AppDelegate.m; sourceTree = "<group>"; };
		D0ED5B861DD5CBAC007ACE89 /* ViewController.h */ = {isa = PBXFileReference; lastKnownFileType = sourcecode.c.h; path = ViewController.h; sourceTree = "<group>"; };
		D0ED5B871DD5CBAC007ACE89 /* ViewController.m */ = {isa = PBXFileReference; lastKnownFileType = sourcecode.c.objc; path = ViewController.m; sourceTree = "<group>"; };
		D0ED5B8A1DD5CBAC007ACE89 /* Base */ = {isa = PBXFileReference; lastKnownFileType = file.storyboard; name = Base; path = Base.lproj/Main.storyboard; sourceTree = "<group>"; };
		D0ED5B8C1DD5CBAC007ACE89 /* Assets.xcassets */ = {isa = PBXFileReference; lastKnownFileType = folder.assetcatalog; path = Assets.xcassets; sourceTree = "<group>"; };
		D0ED5B8F1DD5CBAC007ACE89 /* Base */ = {isa = PBXFileReference; lastKnownFileType = file.storyboard; name = Base; path = Base.lproj/LaunchScreen.storyboard; sourceTree = "<group>"; };
		D0ED5B911DD5CBAC007ACE89 /* Info.plist */ = {isa = PBXFileReference; lastKnownFileType = text.plist.xml; path = Info.plist; sourceTree = "<group>"; };
		D0ED5B971DD5D129007ACE89 /* Base64.h */ = {isa = PBXFileReference; fileEncoding = 4; lastKnownFileType = sourcecode.c.h; path = Base64.h; sourceTree = "<group>"; };
		D0ED5B981DD5D129007ACE89 /* Base64.m */ = {isa = PBXFileReference; fileEncoding = 4; lastKnownFileType = sourcecode.c.objc; path = Base64.m; sourceTree = "<group>"; };
/* End PBXFileReference section */

/* Begin PBXFrameworksBuildPhase section */
		D0ED5B7A1DD5CBAC007ACE89 /* Frameworks */ = {
			isa = PBXFrameworksBuildPhase;
			buildActionMask = 2147483647;
			files = (
			);
			runOnlyForDeploymentPostprocessing = 0;
		};
/* End PBXFrameworksBuildPhase section */

/* Begin PBXGroup section */
		D0ED5B741DD5CBAC007ACE89 = {
			isa = PBXGroup;
			children = (
				D0ED5B7F1DD5CBAC007ACE89 /* DES */,
				D0ED5B7E1DD5CBAC007ACE89 /* Products */,
			);
			sourceTree = "<group>";
		};
		D0ED5B7E1DD5CBAC007ACE89 /* Products */ = {
			isa = PBXGroup;
			children = (
				D0ED5B7D1DD5CBAC007ACE89 /* DES.app */,
			);
			name = Products;
			sourceTree = "<group>";
		};
		D0ED5B7F1DD5CBAC007ACE89 /* DES */ = {
			isa = PBXGroup;
			children = (
				D0ED5B831DD5CBAC007ACE89 /* AppDelegate.h */,
				D0ED5B841DD5CBAC007ACE89 /* AppDelegate.m */,
				D0ED5B861DD5CBAC007ACE89 /* ViewController.h */,
				D0ED5B871DD5CBAC007ACE89 /* ViewController.m */,
				D0ED5B891DD5CBAC007ACE89 /* Main.storyboard */,
				D0ED5B8C1DD5CBAC007ACE89 /* Assets.xcassets */,
				D0ED5B8E1DD5CBAC007ACE89 /* LaunchScreen.storyboard */,
				D0ED5B911DD5CBAC007ACE89 /* Info.plist */,
				D0ED5B801DD5CBAC007ACE89 /* Supporting Files */,
				D0ED5B971DD5D129007ACE89 /* Base64.h */,
				D0ED5B981DD5D129007ACE89 /* Base64.m */,
			);
			path = DES;
			sourceTree = "<group>";
		};
		D0ED5B801DD5CBAC007ACE89 /* Supporting Files */ = {
			isa = PBXGroup;
			children = (
				D0ED5B811DD5CBAC007ACE89 /* main.m */,
			);
			name = "Supporting Files";
			sourceTree = "<group>";
		};
/* End PBXGroup section */

/* Begin PBXNativeTarget section */
		D0ED5B7C1DD5CBAC007ACE89 /* DES */ = {
			isa = PBXNativeTarget;
			buildConfigurationList = D0ED5B941DD5CBAC007ACE89 /* Build configuration list for PBXNativeTarget "DES" */;
			buildPhases = (
				D0ED5B791DD5CBAC007ACE89 /* Sources */,
				D0ED5B7A1DD5CBAC007ACE89 /* Frameworks */,
				D0ED5B7B1DD5CBAC007ACE89 /* Resources */,
			);
			buildRules = (
			);
			dependencies = (
			);
			name = DES;
			productName = DES;
			productReference = D0ED5B7D1DD5CBAC007ACE89 /* DES.app */;
			productType = "com.apple.product-type.application";
		};
/* End PBXNativeTarget section */

/* Begin PBXProject section */
		D0ED5B751DD5CBAC007ACE89 /* Project object */ = {
			isa = PBXProject;
			attributes = {
				LastUpgradeCheck = 0730;
				ORGANIZATIONNAME = LeadFair;
				TargetAttributes = {
					D0ED5B7C1DD5CBAC007ACE89 = {
						CreatedOnToolsVersion = 7.3;
					};
				};
			};
			buildConfigurationList = D0ED5B781DD5CBAC007ACE89 /* Build configuration list for PBXProject "DES" */;
			compatibilityVersion = "Xcode 3.2";
			developmentRegion = English;
			hasScannedForEncodings = 0;
			knownRegions = (
				en,
				Base,
			);
			mainGroup = D0ED5B741DD5CBAC007ACE89;
			productRefGroup = D0ED5B7E1DD5CBAC007ACE89 /* Products */;
			projectDirPath = "";
			projectRoot = "";
			targets = (
				D0ED5B7C1DD5CBAC007ACE89 /* DES */,
			);
		};
/* End PBXProject section */

/* Begin PBXResourcesBuildPhase section */
		D0ED5B7B1DD5CBAC007ACE89 /* Resources */ = {
			isa = PBXResourcesBuildPhase;
			buildActionMask = 2147483647;
			files = (
				D0ED5B901DD5CBAC007ACE89 /* LaunchScreen.storyboard in Resources */,
				D0ED5B8D1DD5CBAC007ACE89 /* Assets.xcassets in Resources */,
				D0ED5B8B1DD5CBAC007ACE89 /* Main.storyboard in Resources */,
			);
			runOnlyForDeploymentPostprocessing = 0;
		};
/* End PBXResourcesBuildPhase section */

/* Begin PBXSourcesBuildPhase section */
		D0ED5B791DD5CBAC007ACE89 /* Sources */ = {
			isa = PBXSourcesBuildPhase;
			buildActionMask = 2147483647;
			files = (
				D0ED5B991DD5D129007ACE89 /* Base64.m in Sources */,
				D0ED5B881DD5CBAC007ACE89 /* ViewController.m in Sources */,
				D0ED5B851DD5CBAC007ACE89 /* AppDelegate.m in Sources */,
				D0ED5B821DD5CBAC007ACE89 /* main.m in Sources */,
			);
			runOnlyForDeploymentPostprocessing = 0;
		};
/* End PBXSourcesBuildPhase section */

/* Begin PBXVariantGroup section */
		D0ED5B891DD5CBAC007ACE89 /* Main.storyboard */ = {
			isa = PBXVariantGroup;
			children = (
				D0ED5B8A1DD5CBAC007ACE89 /* Base */,
			);
			name = Main.storyboard;
			sourceTree = "<group>";
		};
		D0ED5B8E1DD5CBAC007ACE89 /* LaunchScreen.storyboard */ = {
			isa = PBXVariantGroup;
			children = (
				D0ED5B8F1DD5CBAC007ACE89 /* Base */,
			);
			name = LaunchScreen.storyboard;
			sourceTree = "<group>";
		};
/* End PBXVariantGroup section */

/* Begin XCBuildConfiguration section */
		D0ED5B921DD5CBAC007ACE89 /* Debug */ = {
			isa = XCBuildConfiguration;
			buildSettings = {
				ALWAYS_SEARCH_USER_PATHS = NO;
				CLANG_ANALYZER_NONNULL = YES;
				CLANG_CXX_LANGUAGE_STANDARD = "gnu++0x";
				CLANG_CXX_LIBRARY = "libc++";
				CLANG_ENABLE_MODULES = YES;
				CLANG_ENABLE_OBJC_ARC = YES;
				CLANG_WARN_BOOL_CONVERSION = YES;
				CLANG_WARN_CONSTANT_CONVERSION = YES;
				CLANG_WARN_DIRECT_OBJC_ISA_USAGE = YES_ERROR;
				CLANG_WARN_EMPTY_BODY = YES;
				CLANG_WARN_ENUM_CONVERSION = YES;
				CLANG_WARN_INT_CONVERSION = YES;
				CLANG_WARN_OBJC_ROOT_CLASS = YES_ERROR;
				CLANG_WARN_UNREACHABLE_CODE = YES;
				CLANG_WARN__DUPLICATE_METHOD_MATCH = YES;
				"CODE_SIGN_IDENTITY[sdk=iphoneos*]" = "iPhone Developer";
				COPY_PHASE_STRIP = NO;
				DEBUG_INFORMATION_FORMAT = dwarf;
				ENABLE_STRICT_OBJC_MSGSEND = YES;
				ENABLE_TESTABILITY = YES;
				GCC_C_LANGUAGE_STANDARD = gnu99;
				GCC_DYNAMIC_NO_PIC = NO;
				GCC_NO_COMMON_BLOCKS = YES;
				GCC_OPTIMIZATION_LEVEL = 0;
				GCC_PREPROCESSOR_DEFINITIONS = (
					"DEBUG=1",
					"$(inherited)",
				);
				GCC_WARN_64_TO_32_BIT_CONVERSION = YES;
				GCC_WARN_ABOUT_RETURN_TYPE = YES_ERROR;
				GCC_WARN_UNDECLARED_SELECTOR = YES;
				GCC_WARN_UNINITIALIZED_AUTOS = YES_AGGRESSIVE;
				GCC_WARN_UNUSED_FUNCTION = YES;
				GCC_WARN_UNUSED_VARIABLE = YES;
				IPHONEOS_DEPLOYMENT_TARGET = 9.3;
				MTL_ENABLE_DEBUG_INFO = YES;
				ONLY_ACTIVE_ARCH = YES;
				SDKROOT = iphoneos;
			};
			name = Debug;
		};
		D0ED5B931DD5CBAC007ACE89 /* Release */ = {
			isa = XCBuildConfiguration;
			buildSettings = {
				ALWAYS_SEARCH_USER_PATHS = NO;
				CLANG_ANALYZER_NONNULL = YES;
				CLANG_CXX_LANGUAGE_STANDARD = "gnu++0x";
				CLANG_CXX_LIBRARY = "libc++";
				CLANG_ENABLE_MODULES = YES;
				CLANG_ENABLE_OBJC_ARC = YES;
				CLANG_WARN_BOOL_CONVERSION = YES;
				CLANG_WARN_CONSTANT_CONVERSION = YES;
				CLANG_WARN_DIRECT_OBJC_ISA_USAGE = YES_ERROR;
				CLANG_WARN_EMPTY_BODY = YES;
				CLANG_WARN_ENUM_CONVERSION = YES;
				CLANG_WARN_INT_CONVERSION = YES;
				CLANG_WARN_OBJC_ROOT_CLASS = YES_ERROR;
				CLANG_WARN_UNREACHABLE_CODE = YES;
				CLANG_WARN__DUPLICATE_METHOD_MATCH = YES;
				"CODE_SIGN_IDENTITY[sdk=iphoneos*]" = "iPhone Developer";
				COPY_PHASE_STRIP = NO;
				DEBUG_INFORMATION_FORMAT = "dwarf-with-dsym";
				ENABLE_NS_ASSERTIONS = NO;
				ENABLE_STRICT_OBJC_MSGSEND = YES;
				GCC_C_LANGUAGE_STANDARD = gnu99;
				GCC_NO_COMMON_BLOCKS = YES;
				GCC_WARN_64_TO_32_BIT_CONVERSION = YES;
				GCC_WARN_ABOUT_RETURN_TYPE = YES_ERROR;
				GCC_WARN_UNDECLARED_SELECTOR = YES;
				GCC_WARN_UNINITIALIZED_AUTOS = YES_AGGRESSIVE;
				GCC_WARN_UNUSED_FUNCTION = YES;
				GCC_WARN_UNUSED_VARIABLE = YES;
				IPHONEOS_DEPLOYMENT_TARGET = 9.3;
				MTL_ENABLE_DEBUG_INFO = NO;
				SDKROOT = iphoneos;
				VALIDATE_PRODUCT = YES;
			};
			name = Release;
		};
		D0ED5B951DD5CBAC007ACE89 /* Debug */ = {
			isa = XCBuildConfiguration;
			buildSettings = {
				ASSETCATALOG_COMPILER_APPICON_NAME = AppIcon;
				INFOPLIST_FILE = DES/Info.plist;
				LD_RUNPATH_SEARCH_PATHS = "$(inherited) @executable_path/Frameworks";
				PRODUCT_BUNDLE_IDENTIFIER = com.LeadFair.DES;
				PRODUCT_NAME = "$(TARGET_NAME)";
			};
			name = Debug;
		};
		D0ED5B961DD5CBAC007ACE89 /* Release */ = {
			isa = XCBuildConfiguration;
			buildSettings = {
				ASSETCATALOG_COMPILER_APPICON_NAME = AppIcon;
				INFOPLIST_FILE = DES/Info.plist;
				LD_RUNPATH_SEARCH_PATHS = "$(inherited) @executable_path/Frameworks";
				PRODUCT_BUNDLE_IDENTIFIER = com.LeadFair.DES;
				PRODUCT_NAME = "$(TARGET_NAME)";
			};
			name = Release;
		};
/* End XCBuildConfiguration section */

/* Begin XCConfigurationList section */
		D0ED5B781DD5CBAC007ACE89 /* Build configuration list for PBXProject "DES" */ = {
			isa = XCConfigurationList;
			buildConfigurations = (
				D0ED5B921DD5CBAC007ACE89 /* Debug */,
				D0ED5B931DD5CBAC007ACE89 /* Release */,
			);
			defaultConfigurationIsVisible = 0;
			defaultConfigurationName = Release;
		};
		D0ED5B941DD5CBAC007ACE89 /* Build configuration list for PBXNativeTarget "DES" */ = {
			isa = XCConfigurationList;
			buildConfigurations = (
				D0ED5B951DD5CBAC007ACE89 /* Debug */,
				D0ED5B961DD5CBAC007ACE89 /* Release */,
			);
			defaultConfigurationIsVisible = 0;
			defaultConfigurationName = Release;
		};
/* End XCConfigurationList section */
	};
	rootObject = D0ED5B751DD5CBAC007ACE89 /* Project object */;
}
